
Microsoft Visual Studio Solution File, Format Version 12.00
# Visual Studio Version 16
VisualStudioVersion = 16.0.29519.181
MinimumVisualStudioVersion = 10.0.40219.1
Project("{9A19103F-16F7-4668-BE54-9A1E7A4F7556}") = "KampIntro", "KampIntro\KampIntro.csproj", "{2F6CA4FB-A021-4159-869F-DAF2215A7937}"
EndProject
Project("{9A19103F-16F7-4668-BE54-9A1E7A4F7556}") = "Donguler", "Donguler\Donguler.csproj", "{10656824-DFFD-490A-A1CC-D384F3410B34}"
EndProject
Project("{9A19103F-16F7-4668-BE54-9A1E7A4F7556}") = "ClassIntro", "ClassIntro\ClassIntro.csproj", "{850292A6-222B-411D-9FA1-31C2FD542D55}"
EndProject
Project("{9A19103F-16F7-4668-BE54-9A1E7A4F7556}") = "Metodlar", "Metodlar\Metodlar.csproj", "{B283277A-570A-4BC5-A9E9-B48C6BAFEE80}"
EndProject
Project("{9A19103F-16F7-4668-BE54-9A1E7A4F7556}") = "Matematik", "Matematik\Matematik.csproj", "{15A90CFF-2B04-4C85-85B1-830D4F580691}"
EndProject
Project("{9A19103F-16F7-4668-BE54-9A1E7A4F7556}") = "DegerVeReferansTipler", "DegerVeReferansTipler\DegerVeReferansTipler.csproj", "{BFE5E363-1A17-4C3F-8047-C7E53AE73216}"
EndProject
Project("{9A19103F-16F7-4668-BE54-9A1E7A4F7556}") = "OOP1", "OOP1\OOP1.csproj", "{0E6DFACC-B522-4B87-A1CB-5F9FAF10B2B2}"
EndProject
Project("{9A19103F-16F7-4668-BE54-9A1E7A4F7556}") = "Koleksiyonlar", "Koleksiyonlar\Koleksiyonlar.csproj", "{2CC01F38-13E9-42EF-8E25-0BCA32979DE3}"
EndProject
Project("{9A19103F-16F7-4668-BE54-9A1E7A4F7556}") = "GenericsIntro", "GenericsIntro\GenericsIntro.csproj", "{AD73870B-4749-41DB-B91D-852FA61AEC48}"
EndProject
Project("{FAE04EC0-301F-11D3-BF4B-00C04F79EFBC}") = "OOP2", "OOP2\OOP2.csproj", "{A82D89BC-7716-429D-8235-CE6AFB09204D}"
EndProject
Project("{FAE04EC0-301F-11D3-BF4B-00C04F79EFBC}") = "OOP3", "OOP3\OOP3.csproj", "{644DCF80-3B45-4A76-91B5-978CDD7EAC07}"
EndProject
Global
	GlobalSection(SolutionConfigurationPlatforms) = preSolution
		Debug|Any CPU = Debug|Any CPU
		Release|Any CPU = Release|Any CPU
	EndGlobalSection
	GlobalSection(ProjectConfigurationPlatforms) = postSolution
		{2F6CA4FB-A021-4159-869F-DAF2215A7937}.Debug|Any CPU.ActiveCfg = Debug|Any CPU
		{2F6CA4FB-A021-4159-869F-DAF2215A7937}.Debug|Any CPU.Build.0 = Debug|Any CPU
		{2F6CA4FB-A021-4159-869F-DAF2215A7937}.Release|Any CPU.ActiveCfg = Release|Any CPU
		{2F6CA4FB-A021-4159-869F-DAF2215A7937}.Release|Any CPU.Build.0 = Release|Any CPU
		{10656824-DFFD-490A-A1CC-D384F3410B34}.Debug|Any CPU.ActiveCfg = Debug|Any CPU
		{10656824-DFFD-490A-A1CC-D384F3410B34}.Debug|Any CPU.Build.0 = Debug|Any CPU
		{10656824-DFFD-490A-A1CC-D384F3410B34}.Release|Any CPU.ActiveCfg = Release|Any CPU
		{10656824-DFFD-490A-A1CC-D384F3410B34}.Release|Any CPU.Build.0 = Release|Any CPU
		{850292A6-222B-411D-9FA1-31C2FD542D55}.Debug|Any CPU.ActiveCfg = Debug|Any CPU
		{850292A6-222B-411D-9FA1-31C2FD542D55}.Debug|Any CPU.Build.0 = Debug|Any CPU
		{850292A6-222B-411D-9FA1-31C2FD542D55}.Release|Any CPU.ActiveCfg = Release|Any CPU
		{850292A6-222B-411D-9FA1-31C2FD542D55}.Release|Any CPU.Build.0 = Release|Any CPU
		{B283277A-570A-4BC5-A9E9-B48C6BAFEE80}.Debug|Any CPU.ActiveCfg = Debug|Any CPU
		{B283277A-570A-4BC5-A9E9-B48C6BAFEE80}.Debug|Any CPU.Build.0 = Debug|Any CPU
		{B283277A-570A-4BC5-A9E9-B48C6BAFEE80}.Release|Any CPU.ActiveCfg = Release|Any CPU
		{B283277A-570A-4BC5-A9E9-B48C6BAFEE80}.Release|Any CPU.Build.0 = Release|Any CPU
		{15A90CFF-2B04-4C85-85B1-830D4F580691}.Debug|Any CPU.ActiveCfg = Debug|Any CPU
		{15A90CFF-2B04-4C85-85B1-830D4F580691}.Debug|Any CPU.Build.0 = Debug|Any CPU
		{15A90CFF-2B04-4C85-85B1-830D4F580691}.Release|Any CPU.ActiveCfg = Release|Any CPU
		{15A90CFF-2B04-4C85-85B1-830D4F580691}.Release|Any CPU.Build.0 = Release|Any CPU
		{BFE5E363-1A17-4C3F-8047-C7E53AE73216}.Debug|Any CPU.ActiveCfg = Debug|Any CPU
		{BFE5E363-1A17-4C3F-8047-C7E53AE73216}.Debug|Any CPU.Build.0 = Debug|Any CPU
		{BFE5E363-1A17-4C3F-8047-C7E53AE73216}.Release|Any CPU.ActiveCfg = Release|Any CPU
		{BFE5E363-1A17-4C3F-8047-C7E53AE73216}.Release|Any CPU.Build.0 = Release|Any CPU
		{0E6DFACC-B522-4B87-A1CB-5F9FAF10B2B2}.Debug|Any CPU.ActiveCfg = Debug|Any CPU
		{0E6DFACC-B522-4B87-A1CB-5F9FAF10B2B2}.Debug|Any CPU.Build.0 = Debug|Any CPU
		{0E6DFACC-B522-4B87-A1CB-5F9FAF10B2B2}.Release|Any CPU.ActiveCfg = Release|Any CPU
		{0E6DFACC-B522-4B87-A1CB-5F9FAF10B2B2}.Release|Any CPU.Build.0 = Release|Any CPU
		{2CC01F38-13E9-42EF-8E25-0BCA32979DE3}.Debug|Any CPU.ActiveCfg = Debug|Any CPU
		{2CC01F38-13E9-42EF-8E25-0BCA32979DE3}.Debug|Any CPU.Build.0 = Debug|Any CPU
		{2CC01F38-13E9-42EF-8E25-0BCA32979DE3}.Release|Any CPU.ActiveCfg = Release|Any CPU
		{2CC01F38-13E9-42EF-8E25-0BCA32979DE3}.Release|Any CPU.Build.0 = Release|Any CPU
		{AD73870B-4749-41DB-B91D-852FA61AEC48}.Debug|Any CPU.ActiveCfg = Debug|Any CPU
		{AD73870B-4749-41DB-B91D-852FA61AEC48}.Debug|Any CPU.Build.0 = Debug|Any CPU
		{AD73870B-4749-41DB-B91D-852FA61AEC48}.Release|Any CPU.ActiveCfg = Release|Any CPU
		{AD73870B-4749-41DB-B91D-852FA61AEC48}.Release|Any CPU.Build.0 = Release|Any CPU
		{A82D89BC-7716-429D-8235-CE6AFB09204D}.Debug|Any CPU.ActiveCfg = Debug|Any CPU
		{A82D89BC-7716-429D-8235-CE6AFB09204D}.Debug|Any CPU.Build.0 = Debug|Any CPU
		{A82D89BC-7716-429D-8235-CE6AFB09204D}.Release|Any CPU.ActiveCfg = Release|Any CPU
		{A82D89BC-7716-429D-8235-CE6AFB09204D}.Release|Any CPU.Build.0 = Release|Any CPU
		{644DCF80-3B45-4A76-91B5-978CDD7EAC07}.Debug|Any CPU.ActiveCfg = Debug|Any CPU
		{644DCF80-3B45-4A76-91B5-978CDD7EAC07}.Debug|Any CPU.Build.0 = Debug|Any CPU
		{644DCF80-3B45-4A76-91B5-978CDD7EAC07}.Release|Any CPU.ActiveCfg = Release|Any CPU
		{644DCF80-3B45-4A76-91B5-978CDD7EAC07}.Release|Any CPU.Build.0 = Release|Any CPU
	EndGlobalSection
	GlobalSection(SolutionProperties) = preSolution
		HideSolutionNode = FALSE
	EndGlobalSection
	GlobalSection(ExtensibilityGlobals) = postSolution
		SolutionGuid = {F8863FFF-5FEB-4511-9F8A-A097C616044F}
	EndGlobalSection
EndGlobal
